
Microsoft Visual Studio Solution File, Format Version 12.00
# Visual Studio Version 17
VisualStudioVersion = 17.9.34728.123
MinimumVisualStudioVersion = 10.0.40219.1
Project("{FAE04EC0-301F-11D3-BF4B-00C04F79EFBC}") = "Assignment_5.1.2", "Assignment_5.1.2\Assignment_5.1.2.csproj", "{34F29BDF-BF3F-4BE7-A0EC-D81697F8830B}"
EndProject
Global
	GlobalSection(SolutionConfigurationPlatforms) = preSolution
		Debug|Any CPU = Debug|Any CPU
		Release|Any CPU = Release|Any CPU
	EndGlobalSection
	GlobalSection(ProjectConfigurationPlatforms) = postSolution
		{34F29BDF-BF3F-4BE7-A0EC-D81697F8830B}.Debug|Any CPU.ActiveCfg = Debug|Any CPU
		{34F29BDF-BF3F-4BE7-A0EC-D81697F8830B}.Debug|Any CPU.Build.0 = Debug|Any CPU
		{34F29BDF-BF3F-4BE7-A0EC-D81697F8830B}.Release|Any CPU.ActiveCfg = Release|Any CPU
		{34F29BDF-BF3F-4BE7-A0EC-D81697F8830B}.Release|Any CPU.Build.0 = Release|Any CPU
	EndGlobalSection
	GlobalSection(SolutionProperties) = preSolution
		HideSolutionNode = FALSE
	EndGlobalSection
	GlobalSection(ExtensibilityGlobals) = postSolution
		SolutionGuid = {BD55BABE-AB51-4A86-A124-D8A942B843C1}
	EndGlobalSection
EndGlobal
